
Microsoft Visual Studio Solution File, Format Version 12.00
# Visual Studio Version 17
VisualStudioVersion = 17.2.32519.379
MinimumVisualStudioVersion = 10.0.40219.1
Project("{FAE04EC0-301F-11D3-BF4B-00C04F79EFBC}") = "ConsoleApp3", "ConsoleApp3\ConsoleApp3.csproj", "{475CBBC2-7A08-421E-A935-7E6190511C11}"
EndProject
Global
	GlobalSection(SolutionConfigurationPlatforms) = preSolution
		Debug|Any CPU = Debug|Any CPU
		Release|Any CPU = Release|Any CPU
	EndGlobalSection
	GlobalSection(ProjectConfigurationPlatforms) = postSolution
		{475CBBC2-7A08-421E-A935-7E6190511C11}.Debug|Any CPU.ActiveCfg = Debug|Any CPU
		{475CBBC2-7A08-421E-A935-7E6190511C11}.Debug|Any CPU.Build.0 = Debug|Any CPU
		{475CBBC2-7A08-421E-A935-7E6190511C11}.Release|Any CPU.ActiveCfg = Release|Any CPU
		{475CBBC2-7A08-421E-A935-7E6190511C11}.Release|Any CPU.Build.0 = Release|Any CPU
	EndGlobalSection
	GlobalSection(SolutionProperties) = preSolution
		HideSolutionNode = FALSE
	EndGlobalSection
	GlobalSection(ExtensibilityGlobals) = postSolution
		SolutionGuid = {59770AE2-5EB0-41F3-BF49-80823DD2DA02}
	EndGlobalSection
EndGlobal
